
Microsoft Visual Studio Solution File, Format Version 12.00
# Visual Studio Version 16
VisualStudioVersion = 16.0.28803.202
MinimumVisualStudioVersion = 10.0.40219.1
Project("{FAE04EC0-301F-11D3-BF4B-00C04F79EFBC}") = "Project1", "Project1\Project1.csproj", "{292B162E-9DD1-4619-A819-478276269BC4}"
EndProject
Global
	GlobalSection(SolutionConfigurationPlatforms) = preSolution
		Debug|Any CPU = Debug|Any CPU
		Release|Any CPU = Release|Any CPU
	EndGlobalSection
	GlobalSection(ProjectConfigurationPlatforms) = postSolution
		{292B162E-9DD1-4619-A819-478276269BC4}.Debug|Any CPU.ActiveCfg = Debug|Any CPU
		{292B162E-9DD1-4619-A819-478276269BC4}.Debug|Any CPU.Build.0 = Debug|Any CPU
		{292B162E-9DD1-4619-A819-478276269BC4}.Release|Any CPU.ActiveCfg = Release|Any CPU
		{292B162E-9DD1-4619-A819-478276269BC4}.Release|Any CPU.Build.0 = Release|Any CPU
	EndGlobalSection
	GlobalSection(SolutionProperties) = preSolution
		HideSolutionNode = FALSE
	EndGlobalSection
	GlobalSection(ExtensibilityGlobals) = postSolution
		SolutionGuid = {56242269-1C60-42C3-AE9A-8E4E9773CD6B}
	EndGlobalSection
EndGlobal
